
Microsoft Visual Studio Solution File, Format Version 12.00
# Visual Studio 14
VisualStudioVersion = 14.0.23107.0
MinimumVisualStudioVersion = 10.0.40219.1
Project("{FAE04EC0-301F-11D3-BF4B-00C04F79EFBC}") = "FizzBuzzPlus", "HundredDoors\FizzBuzzPlus.csproj", "{D3A59841-C488-4FFD-9887-B383672D85F3}"
EndProject
Project("{FAE04EC0-301F-11D3-BF4B-00C04F79EFBC}") = "FizzBuzzPlus.Tests", "HundredDoors.Tests\FizzBuzzPlus.Tests.csproj", "{84F544B6-9DFC-4381-8691-5FC8AC888471}"
EndProject
Global
	GlobalSection(SolutionConfigurationPlatforms) = preSolution
		Debug|Any CPU = Debug|Any CPU
		Release|Any CPU = Release|Any CPU
	EndGlobalSection
	GlobalSection(ProjectConfigurationPlatforms) = postSolution
		{D3A59841-C488-4FFD-9887-B383672D85F3}.Debug|Any CPU.ActiveCfg = Debug|Any CPU
		{D3A59841-C488-4FFD-9887-B383672D85F3}.Debug|Any CPU.Build.0 = Debug|Any CPU
		{D3A59841-C488-4FFD-9887-B383672D85F3}.Release|Any CPU.ActiveCfg = Release|Any CPU
		{D3A59841-C488-4FFD-9887-B383672D85F3}.Release|Any CPU.Build.0 = Release|Any CPU
		{84F544B6-9DFC-4381-8691-5FC8AC888471}.Debug|Any CPU.ActiveCfg = Debug|Any CPU
		{84F544B6-9DFC-4381-8691-5FC8AC888471}.Debug|Any CPU.Build.0 = Debug|Any CPU
		{84F544B6-9DFC-4381-8691-5FC8AC888471}.Release|Any CPU.ActiveCfg = Release|Any CPU
		{84F544B6-9DFC-4381-8691-5FC8AC888471}.Release|Any CPU.Build.0 = Release|Any CPU
	EndGlobalSection
	GlobalSection(SolutionProperties) = preSolution
		HideSolutionNode = FALSE
	EndGlobalSection
EndGlobal
